
Microsoft Visual Studio Solution File, Format Version 12.00
# Visual Studio Version 17
VisualStudioVersion = 17.5.33424.131
MinimumVisualStudioVersion = 10.0.40219.1
Project("{FAE04EC0-301F-11D3-BF4B-00C04F79EFBC}") = "ServiceZeuss", "ServiceZeuss\ServiceZeuss.csproj", "{96B15499-53F2-4FCC-9741-BD5819D282BD}"
EndProject
Global
	GlobalSection(SolutionConfigurationPlatforms) = preSolution
		Debug|Any CPU = Debug|Any CPU
		Release|Any CPU = Release|Any CPU
	EndGlobalSection
	GlobalSection(ProjectConfigurationPlatforms) = postSolution
		{96B15499-53F2-4FCC-9741-BD5819D282BD}.Debug|Any CPU.ActiveCfg = Debug|Any CPU
		{96B15499-53F2-4FCC-9741-BD5819D282BD}.Debug|Any CPU.Build.0 = Debug|Any CPU
		{96B15499-53F2-4FCC-9741-BD5819D282BD}.Release|Any CPU.ActiveCfg = Release|Any CPU
		{96B15499-53F2-4FCC-9741-BD5819D282BD}.Release|Any CPU.Build.0 = Release|Any CPU
	EndGlobalSection
	GlobalSection(SolutionProperties) = preSolution
		HideSolutionNode = FALSE
	EndGlobalSection
	GlobalSection(ExtensibilityGlobals) = postSolution
		SolutionGuid = {3D0C2A6E-1409-4DF9-9864-AAE8D87B3824}
	EndGlobalSection
EndGlobal
